// !$*UTF8*$!
{
	archiveVersion = 1;
	classes = {
	};
	objectVersion = 46;
	objects = {

/* Begin PBXBuildFile section */
		0F7574121A9EF0F600D1427A /* AppDelegate.swift in Sources */ = {isa = PBXBuildFile; fileRef = 0F7574111A9EF0F600D1427A /* AppDelegate.swift */; };
		0F7574141A9EF0F600D1427A /* ViewController.swift in Sources */ = {isa = PBXBuildFile; fileRef = 0F7574131A9EF0F600D1427A /* ViewController.swift */; };
		0F7574171A9EF0F600D1427A /* Main.storyboard in Resources */ = {isa = PBXBuildFile; fileRef = 0F7574151A9EF0F600D1427A /* Main.storyboard */; };
		0F7574191A9EF0F600D1427A /* Images.xcassets in Resources */ = {isa = PBXBuildFile; fileRef = 0F7574181A9EF0F600D1427A /* Images.xcassets */; };
		0F75741C1A9EF0F600D1427A /* LaunchScreen.xib in Resources */ = {isa = PBXBuildFile; fileRef = 0F75741A1A9EF0F600D1427A /* LaunchScreen.xib */; };
		0F7574281A9EF0F600D1427A /* XxkTests.swift in Sources */ = {isa = PBXBuildFile; fileRef = 0F7574271A9EF0F600D1427A /* XxkTests.swift */; };
/* End PBXBuildFile section */

/* Begin PBXContainerItemProxy section */
		0F7574221A9EF0F600D1427A /* PBXContainerItemProxy */ = {
			isa = PBXContainerItemProxy;
			containerPortal = 0F7574041A9EF0F600D1427A /* Project object */;
			proxyType = 1;
			remoteGlobalIDString = 0F75740B1A9EF0F600D1427A;
			remoteInfo = Xxk;
		};
/* End PBXContainerItemProxy section */

/* Begin PBXFileReference section */
		0F75740C1A9EF0F600D1427A /* Xxk.app */ = {isa = PBXFileReference; explicitFileType = wrapper.application; includeInIndex = 0; path = Xxk.app; sourceTree = BUILT_PRODUCTS_DIR; };
		0F7574101A9EF0F600D1427A /* Info.plist */ = {isa = PBXFileReference; lastKnownFileType = text.plist.xml; path = Info.plist; sourceTree = "<group>"; };
		0F7574111A9EF0F600D1427A /* AppDelegate.swift */ = {isa = PBXFileReference; lastKnownFileType = sourcecode.swift; path = AppDelegate.swift; sourceTree = "<group>"; };
		0F7574131A9EF0F600D1427A /* ViewController.swift */ = {isa = PBXFileReference; lastKnownFileType = sourcecode.swift; path = ViewController.swift; sourceTree = "<group>"; };
		0F7574161A9EF0F600D1427A /* Base */ = {isa = PBXFileReference; lastKnownFileType = file.storyboard; name = Base; path = Base.lproj/Main.storyboard; sourceTree = "<group>"; };
		0F7574181A9EF0F600D1427A /* Images.xcassets */ = {isa = PBXFileReference; lastKnownFileType = folder.assetcatalog; path = Images.xcassets; sourceTree = "<group>"; };
		0F75741B1A9EF0F600D1427A /* Base */ = {isa = PBXFileReference; lastKnownFileType = file.xib; name = Base; path = Base.lproj/LaunchScreen.xib; sourceTree = "<group>"; };
		0F7574211A9EF0F600D1427A /* XxkTests.xctest */ = {isa = PBXFileReference; explicitFileType = wrapper.cfbundle; includeInIndex = 0; path = XxkTests.xctest; sourceTree = BUILT_PRODUCTS_DIR; };
		0F7574261A9EF0F600D1427A /* Info.plist */ = {isa = PBXFileReference; lastKnownFileType = text.plist.xml; path = Info.plist; sourceTree = "<group>"; };
		0F7574271A9EF0F600D1427A /* XxkTests.swift */ = {isa = PBXFileReference; lastKnownFileType = sourcecode.swift; path = XxkTests.swift; sourceTree = "<group>"; };
/* End PBXFileReference section */

/* Begin PBXFrameworksBuildPhase section */
		0F7574091A9EF0F600D1427A /* Frameworks */ = {
			isa = PBXFrameworksBuildPhase;
			buildActionMask = 2147483647;
			files = (
			);
			runOnlyForDeploymentPostprocessing = 0;
		};
		0F75741E1A9EF0F600D1427A /* Frameworks */ = {
			isa = PBXFrameworksBuildPhase;
			buildActionMask = 2147483647;
			files = (
			);
			runOnlyForDeploymentPostprocessing = 0;
		};
/* End PBXFrameworksBuildPhase section */

/* Begin PBXGroup section */
		0F7574031A9EF0F600D1427A = {
			isa = PBXGroup;
			children = (
				0F75740E1A9EF0F600D1427A /* Xxk */,
				0F7574241A9EF0F600D1427A /* XxkTests */,
				0F75740D1A9EF0F600D1427A /* Products */,
			);
			sourceTree = "<group>";
		};
		0F75740D1A9EF0F600D1427A /* Products */ = {
			isa = PBXGroup;
			children = (
				0F75740C1A9EF0F600D1427A /* Xxk.app */,
				0F7574211A9EF0F600D1427A /* XxkTests.xctest */,
			);
			name = Products;
			sourceTree = "<group>";
		};
		0F75740E1A9EF0F600D1427A /* Xxk */ = {
			isa = PBXGroup;
			children = (
				0F7574111A9EF0F600D1427A /* AppDelegate.swift */,
				0F7574131A9EF0F600D1427A /* ViewController.swift */,
				0F7574151A9EF0F600D1427A /* Main.storyboard */,
				0F7574181A9EF0F600D1427A /* Images.xcassets */,
				0F75741A1A9EF0F600D1427A /* LaunchScreen.xib */,
				0F75740F1A9EF0F600D1427A /* Supporting Files */,
			);
			path = Xxk;
			sourceTree = "<group>";
		};
		0F75740F1A9EF0F600D1427A /* Supporting Files */ = {
			isa = PBXGroup;
			children = (
				0F7574101A9EF0F600D1427A /* Info.plist */,
			);
			name = "Supporting Files";
			sourceTree = "<group>";
		};
		0F7574241A9EF0F600D1427A /* XxkTests */ = {
			isa = PBXGroup;
			children = (
				0F7574271A9EF0F600D1427A /* XxkTests.swift */,
				0F7574251A9EF0F600D1427A /* Supporting Files */,
			);
			path = XxkTests;
			sourceTree = "<group>";
		};
		0F7574251A9EF0F600D1427A /* Supporting Files */ = {
			isa = PBXGroup;
			children = (
				0F7574261A9EF0F600D1427A /* Info.plist */,
			);
			name = "Supporting Files";
			sourceTree = "<group>";
		};
/* End PBXGroup section */

/* Begin PBXNativeTarget section */
		0F75740B1A9EF0F600D1427A /* Xxk */ = {
			isa = PBXNativeTarget;
			buildConfigurationList = 0F75742B1A9EF0F600D1427A /* Build configuration list for PBXNativeTarget "Xxk" */;
			buildPhases = (
				0F7574081A9EF0F600D1427A /* Sources */,
				0F7574091A9EF0F600D1427A /* Frameworks */,
				0F75740A1A9EF0F600D1427A /* Resources */,
			);
			buildRules = (
			);
			dependencies = (
			);
			name = Xxk;
			productName = Xxk;
			productReference = 0F75740C1A9EF0F600D1427A /* Xxk.app */;
			productType = "com.apple.product-type.application";
		};
		0F7574201A9EF0F600D1427A /* XxkTests */ = {
			isa = PBXNativeTarget;
			buildConfigurationList = 0F75742E1A9EF0F600D1427A /* Build configuration list for PBXNativeTarget "XxkTests" */;
			buildPhases = (
				0F75741D1A9EF0F600D1427A /* Sources */,
				0F75741E1A9EF0F600D1427A /* Frameworks */,
				0F75741F1A9EF0F600D1427A /* Resources */,
			);
			buildRules = (
			);
			dependencies = (
				0F7574231A9EF0F600D1427A /* PBXTargetDependency */,
			);
			name = XxkTests;
			productName = XxkTests;
			productReference = 0F7574211A9EF0F600D1427A /* XxkTests.xctest */;
			productType = "com.apple.product-type.bundle.unit-test";
		};
/* End PBXNativeTarget section */

/* Begin PBXProject section */
		0F7574041A9EF0F600D1427A /* Project object */ = {
			isa = PBXProject;
			attributes = {
				LastUpgradeCheck = 0610;
				ORGANIZATIONNAME = qzp;
				TargetAttributes = {
					0F75740B1A9EF0F600D1427A = {
						CreatedOnToolsVersion = 6.1.1;
					};
					0F7574201A9EF0F600D1427A = {
						CreatedOnToolsVersion = 6.1.1;
						TestTargetID = 0F75740B1A9EF0F600D1427A;
					};
				};
			};
			buildConfigurationList = 0F7574071A9EF0F600D1427A /* Build configuration list for PBXProject "Xxk" */;
			compatibilityVersion = "Xcode 3.2";
			developmentRegion = English;
			hasScannedForEncodings = 0;
			knownRegions = (
				en,
				Base,
			);
			mainGroup = 0F7574031A9EF0F600D1427A;
			productRefGroup = 0F75740D1A9EF0F600D1427A /* Products */;
			projectDirPath = "";
			projectRoot = "";
			targets = (
				0F75740B1A9EF0F600D1427A /* Xxk */,
				0F7574201A9EF0F600D1427A /* XxkTests */,
			);
		};
/* End PBXProject section */

/* Begin PBXResourcesBuildPhase section */
		0F75740A1A9EF0F600D1427A /* Resources */ = {
			isa = PBXResourcesBuildPhase;
			buildActionMask = 2147483647;
			files = (
				0F7574171A9EF0F600D1427A /* Main.storyboard in Resources */,
				0F75741C1A9EF0F600D1427A /* LaunchScreen.xib in Resources */,
				0F7574191A9EF0F600D1427A /* Images.xcassets in Resources */,
			);
			runOnlyForDeploymentPostprocessing = 0;
		};
		0F75741F1A9EF0F600D1427A /* Resources */ = {
			isa = PBXResourcesBuildPhase;
			buildActionMask = 2147483647;
			files = (
			);
			runOnlyForDeploymentPostprocessing = 0;
		};
/* End PBXResourcesBuildPhase section */

/* Begin PBXSourcesBuildPhase section */
		0F7574081A9EF0F600D1427A /* Sources */ = {
			isa = PBXSourcesBuildPhase;
			buildActionMask = 2147483647;
			files = (
				0F7574141A9EF0F600D1427A /* ViewController.swift in Sources */,
				0F7574121A9EF0F600D1427A /* AppDelegate.swift in Sources */,
			);
			runOnlyForDeploymentPostprocessing = 0;
		};
		0F75741D1A9EF0F600D1427A /* Sources */ = {
			isa = PBXSourcesBuildPhase;
			buildActionMask = 2147483647;
			files = (
				0F7574281A9EF0F600D1427A /* XxkTests.swift in Sources */,
			);
			runOnlyForDeploymentPostprocessing = 0;
		};
/* End PBXSourcesBuildPhase section */

/* Begin PBXTargetDependency section */
		0F7574231A9EF0F600D1427A /* PBXTargetDependency */ = {
			isa = PBXTargetDependency;
			target = 0F75740B1A9EF0F600D1427A /* Xxk */;
			targetProxy = 0F7574221A9EF0F600D1427A /* PBXContainerItemProxy */;
		};
/* End PBXTargetDependency section */

/* Begin PBXVariantGroup section */
		0F7574151A9EF0F600D1427A /* Main.storyboard */ = {
			isa = PBXVariantGroup;
			children = (
				0F7574161A9EF0F600D1427A /* Base */,
			);
			name = Main.storyboard;
			sourceTree = "<group>";
		};
		0F75741A1A9EF0F600D1427A /* LaunchScreen.xib */ = {
			isa = PBXVariantGroup;
			children = (
				0F75741B1A9EF0F600D1427A /* Base */,
			);
			name = LaunchScreen.xib;
			sourceTree = "<group>";
		};
/* End PBXVariantGroup section */

/* Begin XCBuildConfiguration section */
		0F7574291A9EF0F600D1427A /* Debug */ = {
			isa = XCBuildConfiguration;
			buildSettings = {
				ALWAYS_SEARCH_USER_PATHS = NO;
				CLANG_CXX_LANGUAGE_STANDARD = "gnu++0x";
				CLANG_CXX_LIBRARY = "libc++";
				CLANG_ENABLE_MODULES = YES;
				CLANG_ENABLE_OBJC_ARC = YES;
				CLANG_WARN_BOOL_CONVERSION = YES;
				CLANG_WARN_CONSTANT_CONVERSION = YES;
				CLANG_WARN_DIRECT_OBJC_ISA_USAGE = YES_ERROR;
				CLANG_WARN_EMPTY_BODY = YES;
				CLANG_WARN_ENUM_CONVERSION = YES;
				CLANG_WARN_INT_CONVERSION = YES;
				CLANG_WARN_OBJC_ROOT_CLASS = YES_ERROR;
				CLANG_WARN_UNREACHABLE_CODE = YES;
				CLANG_WARN__DUPLICATE_METHOD_MATCH = YES;
				"CODE_SIGN_IDENTITY[sdk=iphoneos*]" = "iPhone Developer";
				COPY_PHASE_STRIP = NO;
				ENABLE_STRICT_OBJC_MSGSEND = YES;
				GCC_C_LANGUAGE_STANDARD = gnu99;
				GCC_DYNAMIC_NO_PIC = NO;
				GCC_OPTIMIZATION_LEVEL = 0;
				GCC_PREPROCESSOR_DEFINITIONS = (
					"DEBUG=1",
					"$(inherited)",
				);
				GCC_SYMBOLS_PRIVATE_EXTERN = NO;
				GCC_WARN_64_TO_32_BIT_CONVERSION = YES;
				GCC_WARN_ABOUT_RETURN_TYPE = YES_ERROR;
				GCC_WARN_UNDECLARED_SELECTOR = YES;
				GCC_WARN_UNINITIALIZED_AUTOS = YES_AGGRESSIVE;
				GCC_WARN_UNUSED_FUNCTION = YES;
				GCC_WARN_UNUSED_VARIABLE = YES;
				IPHONEOS_DEPLOYMENT_TARGET = 8.1;
				MTL_ENABLE_DEBUG_INFO = YES;
				ONLY_ACTIVE_ARCH = YES;
				SDKROOT = iphoneos;
				SWIFT_OPTIMIZATION_LEVEL = "-Onone";
			};
			name = Debug;
		};
		0F75742A1A9EF0F600D1427A /* Release */ = {
			isa = XCBuildConfiguration;
			buildSettings = {
				ALWAYS_SEARCH_USER_PATHS = NO;
				CLANG_CXX_LANGUAGE_STANDARD = "gnu++0x";
				CLANG_CXX_LIBRARY = "libc++";
				CLANG_ENABLE_MODULES = YES;
				CLANG_ENABLE_OBJC_ARC = YES;
				CLANG_WARN_BOOL_CONVERSION = YES;
				CLANG_WARN_CONSTANT_CONVERSION = YES;
				CLANG_WARN_DIRECT_OBJC_ISA_USAGE = YES_ERROR;
				CLANG_WARN_EMPTY_BODY = YES;
				CLANG_WARN_ENUM_CONVERSION = YES;
				CLANG_WARN_INT_CONVERSION = YES;
				CLANG_WARN_OBJC_ROOT_CLASS = YES_ERROR;
				CLANG_WARN_UNREACHABLE_CODE = YES;
				CLANG_WARN__DUPLICATE_METHOD_MATCH = YES;
				"CODE_SIGN_IDENTITY[sdk=iphoneos*]" = "iPhone Developer";
				COPY_PHASE_STRIP = YES;
				ENABLE_NS_ASSERTIONS = NO;
				ENABLE_STRICT_OBJC_MSGSEND = YES;
				GCC_C_LANGUAGE_STANDARD = gnu99;
				GCC_WARN_64_TO_32_BIT_CONVERSION = YES;
				GCC_WARN_ABOUT_RETURN_TYPE = YES_ERROR;
				GCC_WARN_UNDECLARED_SELECTOR = YES;
				GCC_WARN_UNINITIALIZED_AUTOS = YES_AGGRESSIVE;
				GCC_WARN_UNUSED_FUNCTION = YES;
				GCC_WARN_UNUSED_VARIABLE = YES;
				IPHONEOS_DEPLOYMENT_TARGET = 8.1;
				MTL_ENABLE_DEBUG_INFO = NO;
				SDKROOT = iphoneos;
				VALIDATE_PRODUCT = YES;
			};
			name = Release;
		};
		0F75742C1A9EF0F600D1427A /* Debug */ = {
			isa = XCBuildConfiguration;
			buildSettings = {
				ASSETCATALOG_COMPILER_APPICON_NAME = AppIcon;
				INFOPLIST_FILE = Xxk/Info.plist;
				LD_RUNPATH_SEARCH_PATHS = "$(inherited) @executable_path/Frameworks";
				PRODUCT_NAME = "$(TARGET_NAME)";
			};
			name = Debug;
		};
		0F75742D1A9EF0F600D1427A /* Release */ = {
			isa = XCBuildConfiguration;
			buildSettings = {
				ASSETCATALOG_COMPILER_APPICON_NAME = AppIcon;
				INFOPLIST_FILE = Xxk/Info.plist;
				LD_RUNPATH_SEARCH_PATHS = "$(inherited) @executable_path/Frameworks";
				PRODUCT_NAME = "$(TARGET_NAME)";
			};
			name = Release;
		};
		0F75742F1A9EF0F600D1427A /* Debug */ = {
			isa = XCBuildConfiguration;
			buildSettings = {
				BUNDLE_LOADER = "$(TEST_HOST)";
				FRAMEWORK_SEARCH_PATHS = (
					"$(SDKROOT)/Developer/Library/Frameworks",
					"$(inherited)",
				);
				GCC_PREPROCESSOR_DEFINITIONS = (
					"DEBUG=1",
					"$(inherited)",
				);
				INFOPLIST_FILE = XxkTests/Info.plist;
				LD_RUNPATH_SEARCH_PATHS = "$(inherited) @executable_path/Frameworks @loader_path/Frameworks";
				PRODUCT_NAME = "$(TARGET_NAME)";
				TEST_HOST = "$(BUILT_PRODUCTS_DIR)/Xxk.app/Xxk";
			};
			name = Debug;
		};
		0F7574301A9EF0F600D1427A /* Release */ = {
			isa = XCBuildConfiguration;
			buildSettings = {
				BUNDLE_LOADER = "$(TEST_HOST)";
				FRAMEWORK_SEARCH_PATHS = (
					"$(SDKROOT)/Developer/Library/Frameworks",
					"$(inherited)",
				);
				INFOPLIST_FILE = XxkTests/Info.plist;
				LD_RUNPATH_SEARCH_PATHS = "$(inherited) @executable_path/Frameworks @loader_path/Frameworks";
				PRODUCT_NAME = "$(TARGET_NAME)";
				TEST_HOST = "$(BUILT_PRODUCTS_DIR)/Xxk.app/Xxk";
			};
			name = Release;
		};
/* End XCBuildConfiguration section */

/* Begin XCConfigurationList section */
		0F7574071A9EF0F600D1427A /* Build configuration list for PBXProject "Xxk" */ = {
			isa = XCConfigurationList;
			buildConfigurations = (
				0F7574291A9EF0F600D1427A /* Debug */,
				0F75742A1A9EF0F600D1427A /* Release */,
			);
			defaultConfigurationIsVisible = 0;
			defaultConfigurationName = Release;
		};
		0F75742B1A9EF0F600D1427A /* Build configuration list for PBXNativeTarget "Xxk" */ = {
			isa = XCConfigurationList;
			buildConfigurations = (
				0F75742C1A9EF0F600D1427A /* Debug */,
				0F75742D1A9EF0F600D1427A /* Release */,
			);
			defaultConfigurationIsVisible = 0;
		};
		0F75742E1A9EF0F600D1427A /* Build configuration list for PBXNativeTarget "XxkTests" */ = {
			isa = XCConfigurationList;
			buildConfigurations = (
				0F75742F1A9EF0F600D1427A /* Debug */,
				0F7574301A9EF0F600D1427A /* Release */,
			);
			defaultConfigurationIsVisible = 0;
		};
/* End XCConfigurationList section */
	};
	rootObject = 0F7574041A9EF0F600D1427A /* Project object */;
}
